
Microsoft Visual Studio Solution File, Format Version 12.00
# Visual Studio Version 17
VisualStudioVersion = 17.9.34622.214
MinimumVisualStudioVersion = 10.0.40219.1
Project("{9A19103F-16F7-4668-BE54-9A1E7A4F7556}") = "MyHotelApp", "MyHotelApp\MyHotelApp.csproj", "{D22FB24B-84E4-4D23-B682-19B28753A0A6}"
EndProject
Project("{9A19103F-16F7-4668-BE54-9A1E7A4F7556}") = "MyHotelApp.Core", "MyHotelApp.Core\MyHotelApp.Core.csproj", "{D2E6D231-F7F7-475F-A355-D8E108AC0E54}"
EndProject
Project("{9A19103F-16F7-4668-BE54-9A1E7A4F7556}") = "MyHotelApp.Infrastructure", "MyHotelApp.Infrastructure\MyHotelApp.Infrastructure.csproj", "{FD4DA46B-D8BE-44BC-9B1C-C4215C300867}"
EndProject
Project("{FAE04EC0-301F-11D3-BF4B-00C04F79EFBC}") = "MyHotelApp.UnitTests", "MyHotelApp.UnitTests\MyHotelApp.UnitTests.csproj", "{F912A4D7-BC66-41FC-8E42-F8F03BF6A63D}"
EndProject
Global
	GlobalSection(SolutionConfigurationPlatforms) = preSolution
		Debug|Any CPU = Debug|Any CPU
		Release|Any CPU = Release|Any CPU
	EndGlobalSection
	GlobalSection(ProjectConfigurationPlatforms) = postSolution
		{D22FB24B-84E4-4D23-B682-19B28753A0A6}.Debug|Any CPU.ActiveCfg = Debug|Any CPU
		{D22FB24B-84E4-4D23-B682-19B28753A0A6}.Debug|Any CPU.Build.0 = Debug|Any CPU
		{D22FB24B-84E4-4D23-B682-19B28753A0A6}.Release|Any CPU.ActiveCfg = Release|Any CPU
		{D22FB24B-84E4-4D23-B682-19B28753A0A6}.Release|Any CPU.Build.0 = Release|Any CPU
		{D2E6D231-F7F7-475F-A355-D8E108AC0E54}.Debug|Any CPU.ActiveCfg = Debug|Any CPU
		{D2E6D231-F7F7-475F-A355-D8E108AC0E54}.Debug|Any CPU.Build.0 = Debug|Any CPU
		{D2E6D231-F7F7-475F-A355-D8E108AC0E54}.Release|Any CPU.ActiveCfg = Release|Any CPU
		{D2E6D231-F7F7-475F-A355-D8E108AC0E54}.Release|Any CPU.Build.0 = Release|Any CPU
		{FD4DA46B-D8BE-44BC-9B1C-C4215C300867}.Debug|Any CPU.ActiveCfg = Debug|Any CPU
		{FD4DA46B-D8BE-44BC-9B1C-C4215C300867}.Debug|Any CPU.Build.0 = Debug|Any CPU
		{FD4DA46B-D8BE-44BC-9B1C-C4215C300867}.Release|Any CPU.ActiveCfg = Release|Any CPU
		{FD4DA46B-D8BE-44BC-9B1C-C4215C300867}.Release|Any CPU.Build.0 = Release|Any CPU
		{F912A4D7-BC66-41FC-8E42-F8F03BF6A63D}.Debug|Any CPU.ActiveCfg = Debug|Any CPU
		{F912A4D7-BC66-41FC-8E42-F8F03BF6A63D}.Debug|Any CPU.Build.0 = Debug|Any CPU
		{F912A4D7-BC66-41FC-8E42-F8F03BF6A63D}.Release|Any CPU.ActiveCfg = Release|Any CPU
		{F912A4D7-BC66-41FC-8E42-F8F03BF6A63D}.Release|Any CPU.Build.0 = Release|Any CPU
	EndGlobalSection
	GlobalSection(SolutionProperties) = preSolution
		HideSolutionNode = FALSE
	EndGlobalSection
	GlobalSection(ExtensibilityGlobals) = postSolution
		SolutionGuid = {86C8D791-F547-4A1F-A9D8-B5513753E23E}
	EndGlobalSection
EndGlobal
